
Microsoft Visual Studio Solution File, Format Version 11.00
# Visual Studio 2010
Project("{FAE04EC0-301F-11D3-BF4B-00C04F79EFBC}") = "VR Paint James Dalton", "Assembly-CSharp.csproj", "{EBFDA032-2ED6-FE75-F4F6-5D242C372F81}"
EndProject
Project("{FAE04EC0-301F-11D3-BF4B-00C04F79EFBC}") = "VR Paint James Dalton", "Assembly-CSharp-Editor.csproj", "{D93B1F20-A145-6161-40E3-30FA15801C94}"
EndProject
Global
	GlobalSection(SolutionConfigurationPlatforms) = preSolution
		Debug|Any CPU = Debug|Any CPU
		Release|Any CPU = Release|Any CPU
	EndGlobalSection
	GlobalSection(ProjectConfigurationPlatforms) = postSolution
		{EBFDA032-2ED6-FE75-F4F6-5D242C372F81}.Debug|Any CPU.ActiveCfg = Debug|Any CPU
		{EBFDA032-2ED6-FE75-F4F6-5D242C372F81}.Debug|Any CPU.Build.0 = Debug|Any CPU
		{EBFDA032-2ED6-FE75-F4F6-5D242C372F81}.Release|Any CPU.ActiveCfg = Release|Any CPU
		{EBFDA032-2ED6-FE75-F4F6-5D242C372F81}.Release|Any CPU.Build.0 = Release|Any CPU
		{D93B1F20-A145-6161-40E3-30FA15801C94}.Debug|Any CPU.ActiveCfg = Debug|Any CPU
		{D93B1F20-A145-6161-40E3-30FA15801C94}.Debug|Any CPU.Build.0 = Debug|Any CPU
		{D93B1F20-A145-6161-40E3-30FA15801C94}.Release|Any CPU.ActiveCfg = Release|Any CPU
		{D93B1F20-A145-6161-40E3-30FA15801C94}.Release|Any CPU.Build.0 = Release|Any CPU
	EndGlobalSection
	GlobalSection(SolutionProperties) = preSolution
		HideSolutionNode = FALSE
	EndGlobalSection
	GlobalSection(MonoDevelopProperties) = preSolution
		StartupItem = Assembly-CSharp.csproj
	EndGlobalSection
EndGlobal
